<?xml version="1.0" encoding="UTF-8" standalone="yes" ?>
<CodeBlocks_project_file>
	<FileVersion major="1" minor="6" />
	<Project>
		<Option title="Sequent Calculus Prover" />
		<Option makefile_is_custom="1" />
		<Option pch_mode="2" />
		<Option compiler="gcc" />
		<Build>
			<Target title="default">
				<Option output="prover" prefix_auto="1" extension_auto="1" />
				<Option type="1" />
				<Option compiler="gcc" />
			</Target>
			<Target title="mingw">
				<Option output="prover" prefix_auto="1" extension_auto="1" />
				<Option type="1" />
				<Option compiler="gcc" />
				<MakeCommands>
					<Build command="$make -f $makefile mingw" />
					<CompileFile command="$make -f $makefile $file" />
					<Clean command="$make -f $makefile clean" />
					<DistClean command="$make -f $makefile distclean$target" />
					<AskRebuildNeeded command="$make -q -f $makefile $target" />
					<SilentBuild command="$make -f $makefile mingw &gt; $(CMD_NULL)" />
				</MakeCommands>
			</Target>
		</Build>
		<Compiler>
			<Add option="-Wall" />
			<Add option="-fexceptions" />
		</Compiler>
		<Unit filename="Makefile">
			<Option target="&lt;{~None~}&gt;" />
		</Unit>
		<Unit filename="include/And.h">
			<Option target="&lt;{~None~}&gt;" />
		</Unit>
		<Unit filename="include/Atom.h">
			<Option target="&lt;{~None~}&gt;" />
		</Unit>
		<Unit filename="include/AtomicFormula.h">
			<Option target="&lt;{~None~}&gt;" />
		</Unit>
		<Unit filename="include/BaseFormula.h">
			<Option target="&lt;{~None~}&gt;" />
		</Unit>
		<Unit filename="include/BinaryConnective.h">
			<Option target="&lt;{~None~}&gt;" />
		</Unit>
		<Unit filename="include/False.h">
			<Option target="&lt;{~None~}&gt;" />
		</Unit>
		<Unit filename="include/Iff.h">
			<Option target="&lt;{~None~}&gt;" />
		</Unit>
		<Unit filename="include/Imp.h">
			<Option target="&lt;{~None~}&gt;" />
		</Unit>
		<Unit filename="include/LogicConstant.h">
			<Option target="&lt;{~None~}&gt;" />
		</Unit>
		<Unit filename="include/Not.h">
			<Option target="&lt;{~None~}&gt;" />
		</Unit>
		<Unit filename="include/OptionParser.h">
			<Option target="&lt;{~None~}&gt;" />
		</Unit>
		<Unit filename="include/Or.h">
			<Option target="&lt;{~None~}&gt;" />
		</Unit>
		<Unit filename="include/ProofTree.h">
			<Option target="&lt;{~None~}&gt;" />
		</Unit>
		<Unit filename="include/Sequent.h">
			<Option target="&lt;{~None~}&gt;" />
		</Unit>
		<Unit filename="include/True.h">
			<Option target="&lt;{~None~}&gt;" />
		</Unit>
		<Unit filename="include/UnaryConnective.h">
			<Option target="&lt;{~None~}&gt;" />
		</Unit>
		<Unit filename="main.cpp">
			<Option target="&lt;{~None~}&gt;" />
		</Unit>
		<Unit filename="parser/lexer.lpp">
			<Option target="&lt;{~None~}&gt;" />
		</Unit>
		<Unit filename="parser/parser.ypp">
			<Option target="&lt;{~None~}&gt;" />
		</Unit>
		<Unit filename="src/And.cpp">
			<Option target="&lt;{~None~}&gt;" />
		</Unit>
		<Unit filename="src/Atom.cpp">
			<Option target="&lt;{~None~}&gt;" />
		</Unit>
		<Unit filename="src/AtomicFormula.cpp">
			<Option target="&lt;{~None~}&gt;" />
		</Unit>
		<Unit filename="src/BaseFormula.cpp">
			<Option target="&lt;{~None~}&gt;" />
		</Unit>
		<Unit filename="src/BinaryConnective.cpp">
			<Option target="&lt;{~None~}&gt;" />
		</Unit>
		<Unit filename="src/False.cpp">
			<Option target="&lt;{~None~}&gt;" />
		</Unit>
		<Unit filename="src/Iff.cpp">
			<Option target="&lt;{~None~}&gt;" />
		</Unit>
		<Unit filename="src/Imp.cpp">
			<Option target="&lt;{~None~}&gt;" />
		</Unit>
		<Unit filename="src/LogicConstant.cpp">
			<Option target="&lt;{~None~}&gt;" />
		</Unit>
		<Unit filename="src/Not.cpp">
			<Option target="&lt;{~None~}&gt;" />
		</Unit>
		<Unit filename="src/OptionParser.cpp">
			<Option target="&lt;{~None~}&gt;" />
		</Unit>
		<Unit filename="src/Or.cpp">
			<Option target="&lt;{~None~}&gt;" />
		</Unit>
		<Unit filename="src/ProofTree.cpp">
			<Option target="&lt;{~None~}&gt;" />
		</Unit>
		<Unit filename="src/Sequent.cpp">
			<Option target="&lt;{~None~}&gt;" />
		</Unit>
		<Unit filename="src/True.cpp">
			<Option target="&lt;{~None~}&gt;" />
		</Unit>
		<Unit filename="src/UnaryConnective.cpp">
			<Option target="&lt;{~None~}&gt;" />
		</Unit>
		<Extensions>
			<code_completion />
			<envvars />
			<debugger />
		</Extensions>
	</Project>
</CodeBlocks_project_file>
